Microsoft Visual Studio Solution File, Format Version 12.00
# Visual Studio Version 17
VisualStudioVersion = 17.12.35309.182
MinimumVisualStudioVersion = 10.0.40219.1
Project("{FAE04EC0-301F-11D3-BF4B-00C04F79EFBC}") = "Converter", "Converter\Converter.csproj", "{FFAC8E93-2AB4-456F-A045-5349B0BDA185}"
EndProject
Project("{FAE04EC0-301F-11D3-BF4B-00C04F79EFBC}") = "Checker", "Checker\Checker.csproj", "{E7B59CA9-BBBB-4E49-9EA2-3B8B9D49FFB5}"
EndProject
Project("{FAE04EC0-301F-11D3-BF4B-00C04F79EFBC}") = "Extensions", "Extensions\Extensions.csproj", "{123F7F03-727E-4252-A245-1076987F41F0}"
EndProject
Project("{FAE04EC0-301F-11D3-BF4B-00C04F79EFBC}") = "Generators", "Generators\Generators.csproj", "{C2117445-C9CE-486E-851F-06CA355717E0}"
EndProject
Project("{FAE04EC0-301F-11D3-BF4B-00C04F79EFBC}") = "Patterns", "Patterns\Patterns.csproj", "{47B34712-72DB-4FDA-836F-00A5BCED8703}"
EndProject
Project("{FAE04EC0-301F-11D3-BF4B-00C04F79EFBC}") = "Services", "Services\Services.csproj", "{DACE6899-BE54-4BB4-B533-9664FFD0B776}"
EndProject
Project("{FAE04EC0-301F-11D3-BF4B-00C04F79EFBC}") = "Checker.Tests", "Checker.Tests\Checker.Tests.csproj", "{474A06C6-D185-4840-8418-A94298438C6A}"
EndProject
Project("{FAE04EC0-301F-11D3-BF4B-00C04F79EFBC}") = "Extensions.Tests", "Extensions.Tests\Extensions.Tests.csproj", "{1CD68D8F-6B91-404F-B89B-4FFAA2809723}"
EndProject
Project("{FAE04EC0-301F-11D3-BF4B-00C04F79EFBC}") = "Generators.Tests", "Generators.Tests\Generators.Tests.csproj", "{E512AF78-D012-4660-A1EF-27354F95FF78}"
EndProject
Project("{FAE04EC0-301F-11D3-BF4B-00C04F79EFBC}") = "Services.Tests", "Services.Tests\Services.Tests.csproj", "{83105C65-887E-4135-B4A3-7681F54ED44E}"
EndProject
Project("{FAE04EC0-301F-11D3-BF4B-00C04F79EFBC}") = "Converter.Tests", "Converter.Tests\Converter.Tests.csproj", "{E7039025-F45F-4C04-8F13-CAD0E4B41E0F}"
EndProject
Project("{FAE04EC0-301F-11D3-BF4B-00C04F79EFBC}") = "Patterns.Tests", "Patterns.Tests\Patterns.Tests.csproj", "{6FD363C4-6E23-4CEC-8420-8B4D0FE02C89}"
EndProject
Global
	GlobalSection(SolutionConfigurationPlatforms) = preSolution
		Debug|Any CPU = Debug|Any CPU
		Release|Any CPU = Release|Any CPU
	EndGlobalSection
	GlobalSection(ProjectConfigurationPlatforms) = postSolution
		{FFAC8E93-2AB4-456F-A045-5349B0BDA185}.Debug|Any CPU.ActiveCfg = Debug|Any CPU
		{FFAC8E93-2AB4-456F-A045-5349B0BDA185}.Debug|Any CPU.Build.0 = Debug|Any CPU
		{FFAC8E93-2AB4-456F-A045-5349B0BDA185}.Release|Any CPU.ActiveCfg = Release|Any CPU
		{FFAC8E93-2AB4-456F-A045-5349B0BDA185}.Release|Any CPU.Build.0 = Release|Any CPU
		{E7B59CA9-BBBB-4E49-9EA2-3B8B9D49FFB5}.Debug|Any CPU.ActiveCfg = Debug|Any CPU
		{E7B59CA9-BBBB-4E49-9EA2-3B8B9D49FFB5}.Debug|Any CPU.Build.0 = Debug|Any CPU
		{E7B59CA9-BBBB-4E49-9EA2-3B8B9D49FFB5}.Release|Any CPU.ActiveCfg = Release|Any CPU
		{E7B59CA9-BBBB-4E49-9EA2-3B8B9D49FFB5}.Release|Any CPU.Build.0 = Release|Any CPU
		{123F7F03-727E-4252-A245-1076987F41F0}.Debug|Any CPU.ActiveCfg = Debug|Any CPU
		{123F7F03-727E-4252-A245-1076987F41F0}.Debug|Any CPU.Build.0 = Debug|Any CPU
		{123F7F03-727E-4252-A245-1076987F41F0}.Release|Any CPU.ActiveCfg = Release|Any CPU
		{123F7F03-727E-4252-A245-1076987F41F0}.Release|Any CPU.Build.0 = Release|Any CPU
		{C2117445-C9CE-486E-851F-06CA355717E0}.Debug|Any CPU.ActiveCfg = Debug|Any CPU
		{C2117445-C9CE-486E-851F-06CA355717E0}.Debug|Any CPU.Build.0 = Debug|Any CPU
		{C2117445-C9CE-486E-851F-06CA355717E0}.Release|Any CPU.ActiveCfg = Release|Any CPU
		{C2117445-C9CE-486E-851F-06CA355717E0}.Release|Any CPU.Build.0 = Release|Any CPU
		{47B34712-72DB-4FDA-836F-00A5BCED8703}.Debug|Any CPU.ActiveCfg = Debug|Any CPU
		{47B34712-72DB-4FDA-836F-00A5BCED8703}.Debug|Any CPU.Build.0 = Debug|Any CPU
		{47B34712-72DB-4FDA-836F-00A5BCED8703}.Release|Any CPU.ActiveCfg = Release|Any CPU
		{47B34712-72DB-4FDA-836F-00A5BCED8703}.Release|Any CPU.Build.0 = Release|Any CPU
		{DACE6899-BE54-4BB4-B533-9664FFD0B776}.Debug|Any CPU.ActiveCfg = Debug|Any CPU
		{DACE6899-BE54-4BB4-B533-9664FFD0B776}.Debug|Any CPU.Build.0 = Debug|Any CPU
		{DACE6899-BE54-4BB4-B533-9664FFD0B776}.Release|Any CPU.ActiveCfg = Release|Any CPU
		{DACE6899-BE54-4BB4-B533-9664FFD0B776}.Release|Any CPU.Build.0 = Release|Any CPU
		{474A06C6-D185-4840-8418-A94298438C6A}.Debug|Any CPU.ActiveCfg = Debug|Any CPU
		{474A06C6-D185-4840-8418-A94298438C6A}.Debug|Any CPU.Build.0 = Debug|Any CPU
		{474A06C6-D185-4840-8418-A94298438C6A}.Release|Any CPU.ActiveCfg = Release|Any CPU
		{474A06C6-D185-4840-8418-A94298438C6A}.Release|Any CPU.Build.0 = Release|Any CPU
		{1CD68D8F-6B91-404F-B89B-4FFAA2809723}.Debug|Any CPU.ActiveCfg = Debug|Any CPU
		{1CD68D8F-6B91-404F-B89B-4FFAA2809723}.Debug|Any CPU.Build.0 = Debug|Any CPU
		{1CD68D8F-6B91-404F-B89B-4FFAA2809723}.Release|Any CPU.ActiveCfg = Release|Any CPU
		{1CD68D8F-6B91-404F-B89B-4FFAA2809723}.Release|Any CPU.Build.0 = Release|Any CPU
		{E512AF78-D012-4660-A1EF-27354F95FF78}.Debug|Any CPU.ActiveCfg = Debug|Any CPU
		{E512AF78-D012-4660-A1EF-27354F95FF78}.Debug|Any CPU.Build.0 = Debug|Any CPU
		{E512AF78-D012-4660-A1EF-27354F95FF78}.Release|Any CPU.ActiveCfg = Release|Any CPU
		{E512AF78-D012-4660-A1EF-27354F95FF78}.Release|Any CPU.Build.0 = Release|Any CPU
		{83105C65-887E-4135-B4A3-7681F54ED44E}.Debug|Any CPU.ActiveCfg = Debug|Any CPU
		{83105C65-887E-4135-B4A3-7681F54ED44E}.Debug|Any CPU.Build.0 = Debug|Any CPU
		{83105C65-887E-4135-B4A3-7681F54ED44E}.Release|Any CPU.ActiveCfg = Release|Any CPU
		{83105C65-887E-4135-B4A3-7681F54ED44E}.Release|Any CPU.Build.0 = Release|Any CPU
		{E7039025-F45F-4C04-8F13-CAD0E4B41E0F}.Debug|Any CPU.ActiveCfg = Debug|Any CPU
		{E7039025-F45F-4C04-8F13-CAD0E4B41E0F}.Debug|Any CPU.Build.0 = Debug|Any CPU
		{E7039025-F45F-4C04-8F13-CAD0E4B41E0F}.Release|Any CPU.ActiveCfg = Release|Any CPU
		{E7039025-F45F-4C04-8F13-CAD0E4B41E0F}.Release|Any CPU.Build.0 = Release|Any CPU
		{6FD363C4-6E23-4CEC-8420-8B4D0FE02C89}.Debug|Any CPU.ActiveCfg = Debug|Any CPU
		{6FD363C4-6E23-4CEC-8420-8B4D0FE02C89}.Debug|Any CPU.Build.0 = Debug|Any CPU
		{6FD363C4-6E23-4CEC-8420-8B4D0FE02C89}.Release|Any CPU.ActiveCfg = Release|Any CPU
		{6FD363C4-6E23-4CEC-8420-8B4D0FE02C89}.Release|Any CPU.Build.0 = Release|Any CPU
	EndGlobalSection
	GlobalSection(SolutionProperties) = preSolution
		HideSolutionNode = FALSE
	EndGlobalSection
	GlobalSection(ExtensibilityGlobals) = postSolution
		SolutionGuid = {3D650197-43C5-4791-9DF9-F1FB75C0EE9F}
	EndGlobalSection
EndGlobal
